
Microsoft Visual Studio Solution File, Format Version 12.00
# Visual Studio Version 16
VisualStudioVersion = 16.0.30320.27
MinimumVisualStudioVersion = 10.0.40219.1
Project("{888888A0-9F3D-457C-B088-3A5042F75D52}") = "questionnaire", "questionnaire\questionnaire.pyproj", "{1DD108BD-9DF4-48BE-BA5A-93F32CE302BA}"
EndProject
Global
	GlobalSection(SolutionConfigurationPlatforms) = preSolution
		Debug|Any CPU = Debug|Any CPU
		Release|Any CPU = Release|Any CPU
	EndGlobalSection
	GlobalSection(ProjectConfigurationPlatforms) = postSolution
		{1DD108BD-9DF4-48BE-BA5A-93F32CE302BA}.Debug|Any CPU.ActiveCfg = Debug|Any CPU
		{1DD108BD-9DF4-48BE-BA5A-93F32CE302BA}.Debug|Any CPU.Build.0 = Debug|Any CPU
		{1DD108BD-9DF4-48BE-BA5A-93F32CE302BA}.Release|Any CPU.ActiveCfg = Release|Any CPU
		{1DD108BD-9DF4-48BE-BA5A-93F32CE302BA}.Release|Any CPU.Build.0 = Release|Any CPU
	EndGlobalSection
	GlobalSection(SolutionProperties) = preSolution
		HideSolutionNode = FALSE
	EndGlobalSection
	GlobalSection(ExtensibilityGlobals) = postSolution
		SolutionGuid = {D139B8EF-490A-484E-8712-C02D8A929FEE}
	EndGlobalSection
EndGlobal
